{
  "name": "routing",
  "version": "1.0.0",
  "lockfileVersion": 2,
  "requires": true,
  "packages": {
    "": {
      "name": "routing",
      "version": "1.0.0",
      "license": "ISC",
      "dependencies": {
        "dogs": "^0.2.0"
      }
    },
    "node_modules/dogs": {
      "version": "0.2.0",
      "resolved": "https://registry.npmjs.org/dogs/-/dogs-0.2.0.tgz",
      "integrity": "sha512-Zl5rmlv8eadu7KoEuhGWQvQj9oiKgcW18/rrZk21lYVBbZCk88316S0WWfuQvc4OMblEDRwHm78FUrRo6/x20w=="
    }
  },
  "dependencies": {
    "dogs": {
      "version": "0.2.0",
      "resolved": "https://registry.npmjs.org/dogs/-/dogs-0.2.0.tgz",
      "integrity": "sha512-Zl5rmlv8eadu7KoEuhGWQvQj9oiKgcW18/rrZk21lYVBbZCk88316S0WWfuQvc4OMblEDRwHm78FUrRo6/x20w=="
    }
  }
}
