{
    "_meta": {
        "hash": {
            "sha256": "9af2da2318cfb421843d2095aa48d41e8dafbd4e5db3ceb58707016b4510b106"
        },
        "pipfile-spec": 6,
        "requires": {
            "python_version": "3.9"
        },
        "sources": [
            {
                "name": "pypi",
                "url": "https://pypi.org/simple",
                "verify_ssl": true
            }
        ]
    },
    "default": {
        "blinker": {
            "hashes": [
                "sha256:4afd3de66ef3a9f8067559fb7a1cbe555c17dcbe15971b05d1b625c3e7abe213",
                "sha256:c3d739772abb7bc2860abf5f2ec284223d9ad5c76da018234f6f50d6f31ab1f0"
            ],
            "markers": "python_version >= '3.7'",
            "version": "==1.6.2"
        },
        "click": {
            "hashes": [
                "sha256:7682dc8afb30297001674575ea00d1814d808d6a36af415a82bd481d37ba7b8e",
                "sha256:bb4d8133cb15a609f44e8213d9b391b0809795062913b383c62be0ee95b1db48"
            ],
            "markers": "python_version >= '3.7'",
            "version": "==8.1.3"
        },
        "flask": {
            "hashes": [
                "sha256:77fd4e1249d8c9923de34907236b747ced06e5467ecac1a7bb7115ae0e9670b0",
                "sha256:8c2f9abd47a9e8df7f0c3f091ce9497d011dc3b31effcf4c85a6e2b50f4114ef"
            ],
            "index": "pypi",
            "version": "==2.3.2"
        },
        "flask-login": {
            "hashes": [
                "sha256:1ef79843f5eddd0f143c2cd994c1b05ac83c0401dc6234c143495af9a939613f",
                "sha256:c0a7baa9fdc448cdd3dd6f0939df72eec5177b2f7abe6cb82fc934d29caac9c3"
            ],
            "index": "pypi",
            "version": "==0.6.2"
        },
        "flask-sqlalchemy": {
            "hashes": [
                "sha256:2764335f3c9d7ebdc9ed6044afaf98aae9fa50d7a074cef55dde307ec95903ec",
                "sha256:add5750b2f9cd10512995261ee2aa23fab85bd5626061aa3c564b33bb4aa780a"
            ],
            "index": "pypi",
            "version": "==3.0.3"
        },
        "flask-wtf": {
            "hashes": [
                "sha256:41c4244e9ae626d63bed42ae4785b90667b885b1535d5a4095e1f63060d12aa9",
                "sha256:7887d6f1ebb3e17bf648647422f0944c9a469d0fcf63e3b66fb9a83037e38b2c"
            ],
            "index": "pypi",
            "version": "==1.1.1"
        },
        "greenlet": {
            "hashes": [
                "sha256:03a8f4f3430c3b3ff8d10a2a86028c660355ab637cee9333d63d66b56f09d52a",
                "sha256:0bf60faf0bc2468089bdc5edd10555bab6e85152191df713e2ab1fcc86382b5a",
                "sha256:18a7f18b82b52ee85322d7a7874e676f34ab319b9f8cce5de06067384aa8ff43",
                "sha256:18e98fb3de7dba1c0a852731c3070cf022d14f0d68b4c87a19cc1016f3bb8b33",
                "sha256:1a819eef4b0e0b96bb0d98d797bef17dc1b4a10e8d7446be32d1da33e095dbb8",
                "sha256:26fbfce90728d82bc9e6c38ea4d038cba20b7faf8a0ca53a9c07b67318d46088",
                "sha256:2780572ec463d44c1d3ae850239508dbeb9fed38e294c68d19a24d925d9223ca",
                "sha256:283737e0da3f08bd637b5ad058507e578dd462db259f7f6e4c5c365ba4ee9343",
                "sha256:2d4686f195e32d36b4d7cf2d166857dbd0ee9f3d20ae349b6bf8afc8485b3645",
                "sha256:2dd11f291565a81d71dab10b7033395b7a3a5456e637cf997a6f33ebdf06f8db",
                "sha256:30bcf80dda7f15ac77ba5af2b961bdd9dbc77fd4ac6105cee85b0d0a5fcf74df",
                "sha256:32e5b64b148966d9cccc2c8d35a671409e45f195864560829f395a54226408d3",
                "sha256:36abbf031e1c0f79dd5d596bfaf8e921c41df2bdf54ee1eed921ce1f52999a86",
                "sha256:3a06ad5312349fec0ab944664b01d26f8d1f05009566339ac6f63f56589bc1a2",
                "sha256:3a51c9751078733d88e013587b108f1b7a1fb106d402fb390740f002b6f6551a",
                "sha256:3c9b12575734155d0c09d6c3e10dbd81665d5c18e1a7c6597df72fd05990c8cf",
                "sha256:3f6ea9bd35eb450837a3d80e77b517ea5bc56b4647f5502cd28de13675ee12f7",
                "sha256:4b58adb399c4d61d912c4c331984d60eb66565175cdf4a34792cd9600f21b394",
                "sha256:4d2e11331fc0c02b6e84b0d28ece3a36e0548ee1a1ce9ddde03752d9b79bba40",
                "sha256:5454276c07d27a740c5892f4907c86327b632127dd9abec42ee62e12427ff7e3",
                "sha256:561091a7be172ab497a3527602d467e2b3fbe75f9e783d8b8ce403fa414f71a6",
                "sha256:6c3acb79b0bfd4fe733dff8bc62695283b57949ebcca05ae5c129eb606ff2d74",
                "sha256:703f18f3fda276b9a916f0934d2fb6d989bf0b4fb5a64825260eb9bfd52d78f0",
                "sha256:7492e2b7bd7c9b9916388d9df23fa49d9b88ac0640db0a5b4ecc2b653bf451e3",
                "sha256:76ae285c8104046b3a7f06b42f29c7b73f77683df18c49ab5af7983994c2dd91",
                "sha256:7cafd1208fdbe93b67c7086876f061f660cfddc44f404279c1585bbf3cdc64c5",
                "sha256:7efde645ca1cc441d6dc4b48c0f7101e8d86b54c8530141b09fd31cef5149ec9",
                "sha256:88d9ab96491d38a5ab7c56dd7a3cc37d83336ecc564e4e8816dbed12e5aaefc8",
                "sha256:8eab883b3b2a38cc1e050819ef06a7e6344d4a990d24d45bc6f2cf959045a45b",
                "sha256:910841381caba4f744a44bf81bfd573c94e10b3045ee00de0cbf436fe50673a6",
                "sha256:9190f09060ea4debddd24665d6804b995a9c122ef5917ab26e1566dcc712ceeb",
                "sha256:937e9020b514ceedb9c830c55d5c9872abc90f4b5862f89c0887033ae33c6f73",
                "sha256:94c817e84245513926588caf1152e3b559ff794d505555211ca041f032abbb6b",
                "sha256:971ce5e14dc5e73715755d0ca2975ac88cfdaefcaab078a284fea6cfabf866df",
                "sha256:9d14b83fab60d5e8abe587d51c75b252bcc21683f24699ada8fb275d7712f5a9",
                "sha256:9f35ec95538f50292f6d8f2c9c9f8a3c6540bbfec21c9e5b4b751e0a7c20864f",
                "sha256:a1846f1b999e78e13837c93c778dcfc3365902cfb8d1bdb7dd73ead37059f0d0",
                "sha256:acd2162a36d3de67ee896c43effcd5ee3de247eb00354db411feb025aa319857",
                "sha256:b0ef99cdbe2b682b9ccbb964743a6aca37905fda5e0452e5ee239b1654d37f2a",
                "sha256:b80f600eddddce72320dbbc8e3784d16bd3fb7b517e82476d8da921f27d4b249",
                "sha256:b864ba53912b6c3ab6bcb2beb19f19edd01a6bfcbdfe1f37ddd1778abfe75a30",
                "sha256:b9ec052b06a0524f0e35bd8790686a1da006bd911dd1ef7d50b77bfbad74e292",
                "sha256:ba2956617f1c42598a308a84c6cf021a90ff3862eddafd20c3333d50f0edb45b",
                "sha256:bdfea8c661e80d3c1c99ad7c3ff74e6e87184895bbaca6ee8cc61209f8b9b85d",
                "sha256:be4ed120b52ae4d974aa40215fcdfde9194d63541c7ded40ee12eb4dda57b76b",
                "sha256:c4302695ad8027363e96311df24ee28978162cdcdd2006476c43970b384a244c",
                "sha256:c48f54ef8e05f04d6eff74b8233f6063cb1ed960243eacc474ee73a2ea8573ca",
                "sha256:c9c59a2120b55788e800d82dfa99b9e156ff8f2227f07c5e3012a45a399620b7",
                "sha256:cd021c754b162c0fb55ad5d6b9d960db667faad0fa2ff25bb6e1301b0b6e6a75",
                "sha256:d27ec7509b9c18b6d73f2f5ede2622441de812e7b1a80bbd446cb0633bd3d5ae",
                "sha256:d5508f0b173e6aa47273bdc0a0b5ba055b59662ba7c7ee5119528f466585526b",
                "sha256:d75209eed723105f9596807495d58d10b3470fa6732dd6756595e89925ce2470",
                "sha256:db1a39669102a1d8d12b57de2bb7e2ec9066a6f2b3da35ae511ff93b01b5d564",
                "sha256:dbfcfc0218093a19c252ca8eb9aee3d29cfdcb586df21049b9d777fd32c14fd9",
                "sha256:e0f72c9ddb8cd28532185f54cc1453f2c16fb417a08b53a855c4e6a418edd099",
                "sha256:e7c8dc13af7db097bed64a051d2dd49e9f0af495c26995c00a9ee842690d34c0",
                "sha256:ea9872c80c132f4663822dd2a08d404073a5a9b5ba6155bea72fb2a79d1093b5",
                "sha256:eff4eb9b7eb3e4d0cae3d28c283dc16d9bed6b193c2e1ace3ed86ce48ea8df19",
                "sha256:f82d4d717d8ef19188687aa32b8363e96062911e63ba22a0cff7802a8e58e5f1",
                "sha256:fc3a569657468b6f3fb60587e48356fe512c1754ca05a564f11366ac9e306526"
            ],
            "markers": "platform_machine == 'aarch64' or (platform_machine == 'ppc64le' or (platform_machine == 'x86_64' or (platform_machine == 'amd64' or (platform_machine == 'AMD64' or (platform_machine == 'win32' or platform_machine == 'WIN32')))))",
            "version": "==2.0.2"
        },
        "importlib-metadata": {
            "hashes": [
                "sha256:43dd286a2cd8995d5eaef7fee2066340423b818ed3fd70adf0bad5f1fac53fed",
                "sha256:92501cdf9cc66ebd3e612f1b4f0c0765dfa42f0fa38ffb319b6bd84dd675d705"
            ],
            "markers": "python_version < '3.10'",
            "version": "==6.6.0"
        },
        "itsdangerous": {
            "hashes": [
                "sha256:2c2349112351b88699d8d4b6b075022c0808887cb7ad10069318a8b0bc88db44",
                "sha256:5dbbc68b317e5e42f327f9021763545dc3fc3bfe22e6deb96aaf1fc38874156a"
            ],
            "markers": "python_version >= '3.7'",
            "version": "==2.1.2"
        },
        "jinja2": {
            "hashes": [
                "sha256:31351a702a408a9e7595a8fc6150fc3f43bb6bf7e319770cbc0db9df9437e852",
                "sha256:6088930bfe239f0e6710546ab9c19c9ef35e29792895fed6e6e31a023a182a61"
            ],
            "markers": "python_version >= '3.7'",
            "version": "==3.1.2"
        },
        "markupsafe": {
            "hashes": [
                "sha256:05fb21170423db021895e1ea1e1f3ab3adb85d1c2333cbc2310f2a26bc77272e",
                "sha256:0a4e4a1aff6c7ac4cd55792abf96c915634c2b97e3cc1c7129578aa68ebd754e",
                "sha256:10bbfe99883db80bdbaff2dcf681dfc6533a614f700da1287707e8a5d78a8431",
                "sha256:134da1eca9ec0ae528110ccc9e48041e0828d79f24121a1a146161103c76e686",
                "sha256:1577735524cdad32f9f694208aa75e422adba74f1baee7551620e43a3141f559",
                "sha256:1b40069d487e7edb2676d3fbdb2b0829ffa2cd63a2ec26c4938b2d34391b4ecc",
                "sha256:282c2cb35b5b673bbcadb33a585408104df04f14b2d9b01d4c345a3b92861c2c",
                "sha256:2c1b19b3aaacc6e57b7e25710ff571c24d6c3613a45e905b1fde04d691b98ee0",
                "sha256:2ef12179d3a291be237280175b542c07a36e7f60718296278d8593d21ca937d4",
                "sha256:338ae27d6b8745585f87218a3f23f1512dbf52c26c28e322dbe54bcede54ccb9",
                "sha256:3c0fae6c3be832a0a0473ac912810b2877c8cb9d76ca48de1ed31e1c68386575",
                "sha256:3fd4abcb888d15a94f32b75d8fd18ee162ca0c064f35b11134be77050296d6ba",
                "sha256:42de32b22b6b804f42c5d98be4f7e5e977ecdd9ee9b660fda1a3edf03b11792d",
                "sha256:504b320cd4b7eff6f968eddf81127112db685e81f7e36e75f9f84f0df46041c3",
                "sha256:525808b8019e36eb524b8c68acdd63a37e75714eac50e988180b169d64480a00",
                "sha256:56d9f2ecac662ca1611d183feb03a3fa4406469dafe241673d521dd5ae92a155",
                "sha256:5bbe06f8eeafd38e5d0a4894ffec89378b6c6a625ff57e3028921f8ff59318ac",
                "sha256:65c1a9bcdadc6c28eecee2c119465aebff8f7a584dd719facdd9e825ec61ab52",
                "sha256:68e78619a61ecf91e76aa3e6e8e33fc4894a2bebe93410754bd28fce0a8a4f9f",
                "sha256:69c0f17e9f5a7afdf2cc9fb2d1ce6aabdb3bafb7f38017c0b77862bcec2bbad8",
                "sha256:6b2b56950d93e41f33b4223ead100ea0fe11f8e6ee5f641eb753ce4b77a7042b",
                "sha256:787003c0ddb00500e49a10f2844fac87aa6ce977b90b0feaaf9de23c22508b24",
                "sha256:7ef3cb2ebbf91e330e3bb937efada0edd9003683db6b57bb108c4001f37a02ea",
                "sha256:8023faf4e01efadfa183e863fefde0046de576c6f14659e8782065bcece22198",
                "sha256:8758846a7e80910096950b67071243da3e5a20ed2546e6392603c096778d48e0",
                "sha256:8afafd99945ead6e075b973fefa56379c5b5c53fd8937dad92c662da5d8fd5ee",
                "sha256:8c41976a29d078bb235fea9b2ecd3da465df42a562910f9022f1a03107bd02be",
                "sha256:8e254ae696c88d98da6555f5ace2279cf7cd5b3f52be2b5cf97feafe883b58d2",
                "sha256:9402b03f1a1b4dc4c19845e5c749e3ab82d5078d16a2a4c2cd2df62d57bb0707",
                "sha256:962f82a3086483f5e5f64dbad880d31038b698494799b097bc59c2edf392fce6",
                "sha256:9dcdfd0eaf283af041973bff14a2e143b8bd64e069f4c383416ecd79a81aab58",
                "sha256:aa7bd130efab1c280bed0f45501b7c8795f9fdbeb02e965371bbef3523627779",
                "sha256:ab4a0df41e7c16a1392727727e7998a467472d0ad65f3ad5e6e765015df08636",
                "sha256:ad9e82fb8f09ade1c3e1b996a6337afac2b8b9e365f926f5a61aacc71adc5b3c",
                "sha256:af598ed32d6ae86f1b747b82783958b1a4ab8f617b06fe68795c7f026abbdcad",
                "sha256:b076b6226fb84157e3f7c971a47ff3a679d837cf338547532ab866c57930dbee",
                "sha256:b7ff0f54cb4ff66dd38bebd335a38e2c22c41a8ee45aa608efc890ac3e3931bc",
                "sha256:bfce63a9e7834b12b87c64d6b155fdd9b3b96191b6bd334bf37db7ff1fe457f2",
                "sha256:c011a4149cfbcf9f03994ec2edffcb8b1dc2d2aede7ca243746df97a5d41ce48",
                "sha256:c9c804664ebe8f83a211cace637506669e7890fec1b4195b505c214e50dd4eb7",
                "sha256:ca379055a47383d02a5400cb0d110cef0a776fc644cda797db0c5696cfd7e18e",
                "sha256:cb0932dc158471523c9637e807d9bfb93e06a95cbf010f1a38b98623b929ef2b",
                "sha256:cd0f502fe016460680cd20aaa5a76d241d6f35a1c3350c474bac1273803893fa",
                "sha256:ceb01949af7121f9fc39f7d27f91be8546f3fb112c608bc4029aef0bab86a2a5",
                "sha256:d080e0a5eb2529460b30190fcfcc4199bd7f827663f858a226a81bc27beaa97e",
                "sha256:dd15ff04ffd7e05ffcb7fe79f1b98041b8ea30ae9234aed2a9168b5797c3effb",
                "sha256:df0be2b576a7abbf737b1575f048c23fb1d769f267ec4358296f31c2479db8f9",
                "sha256:e09031c87a1e51556fdcb46e5bd4f59dfb743061cf93c4d6831bf894f125eb57",
                "sha256:e4dd52d80b8c83fdce44e12478ad2e85c64ea965e75d66dbeafb0a3e77308fcc",
                "sha256:fec21693218efe39aa7f8599346e90c705afa52c5b31ae019b2e57e8f6542bb2"
            ],
            "markers": "python_version >= '3.7'",
            "version": "==2.1.3"
        },
        "python-dotenv": {
            "hashes": [
                "sha256:a8df96034aae6d2d50a4ebe8216326c61c3eb64836776504fcca410e5937a3ba",
                "sha256:f5971a9226b701070a4bf2c38c89e5a3f0d64de8debda981d1db98583009122a"
            ],
            "index": "pypi",
            "version": "==1.0.0"
        },
        "sqlalchemy": {
            "hashes": [
                "sha256:1a0754c2d9f0c7982bec0a31138e495ed1f6b8435d7e677c45be60ec18370acf",
                "sha256:1d6320a1d175447dce63618ec997a53836de48ed3b44bbe952f0b4b399b19941",
                "sha256:1e885dacb167077df15af2f9ccdacbd7f5dd0d538a6d74b94074f2cefc7bb589",
                "sha256:201a99f922ac8c780b3929128fbd9df901418877c70e160e19adb05665e51c31",
                "sha256:21c89044fc48a25c2184eba332edeffbbf9367913bb065cd31538235d828f06f",
                "sha256:256b2b9660e51ad7055a9835b12717416cf7288afcf465107413917b6bb2316f",
                "sha256:2e940a8659ef870ae10e0d9e2a6d5aaddf0ff6e91f7d0d7732afc9e8c4be9bbc",
                "sha256:3fb5d09f1d51480f711b69fe28ad42e4f8b08600a85ab2473baee669e1257800",
                "sha256:435f6807fa6a0597d84741470f19db204a7d34625ea121abd63e8d95f673f0c4",
                "sha256:4670ce853cb25f72115a1bbe366ae13cf3f28fc5c87222df14f8d3d55d51816e",
                "sha256:4a75fdb9a84072521bb2ebd31eefe1165d4dccea3039dda701a864f4b5daa17f",
                "sha256:4d61731a35eddb0f667774fe15e5a4831e444d066081d1e809e1b8a0e3f97cae",
                "sha256:51b19887c96d405599880da6a7cbdf8545a7e78ec5683e46a43bac8885e32d0f",
                "sha256:536c86ec81ca89291d533ff41a3a05f9e4e88e01906dcee0751fc7082f3e8d6c",
                "sha256:55ec62ddc0200b4fee94d11abbec7aa25948d5d21cb8df8807f4bdd3c51ba44b",
                "sha256:5cc48a7fda2b5c5b8860494d6c575db3a101a68416492105fed6591dc8a2728a",
                "sha256:670ecf74ee2e70b917028a06446ad26ff9b1195e84b09c3139c215123d57dc30",
                "sha256:6a3f8020e013e9b3b7941dcf20b0fc8f7429daaf7158760846731cbd8caa5e45",
                "sha256:6b42913a0259267e9ee335da0c36498077799e59c5e332d506e72b4f32de781d",
                "sha256:6f5784dfb2d45c19cde03c45c04a54bf47428610106197ed6e6fa79f33bc63d3",
                "sha256:6f80a9c9a9af0e4bd5080cc0955ce70274c28e9b931ad7e0fb07021afcd32af6",
                "sha256:78303719c6f72af97814b0072ad18bee72e70adca8d95cf8fecd59c5e1ddb040",
                "sha256:788d1772fb8dcd12091ca82809eef504ce0f2c423e45284bc351b872966ff554",
                "sha256:79bfe728219239bdc493950ea4a4d15b02138ecb304771f9024d0d6f5f4e3706",
                "sha256:810199d1c5b43603a9e815ae9487aef3ab1ade7ed9c0c485e12519358929fbfe",
                "sha256:88ab245ed2c96265441ed2818977be28c840cfa5204ba167425d6c26eb67b7e7",
                "sha256:933d30273861fe61f014ce2a7e3c364915f5efe9ed250ec1066ca6ea5942c0bd",
                "sha256:994a75b197662e0608b6a76935d7c345f7fd874eac0b7093d561033db61b0e8c",
                "sha256:9b31ebde27575b3b0708673ec14f0c305c4564d995b545148ab7ac0f4d9b847a",
                "sha256:9d810b4aacd5ef4e293aa4ea01f19fca53999e9edcfc4a8ef1146238b30bdc28",
                "sha256:ae1d8deb391ab39cc8f0d5844e588a115ae3717e607d91482023917f920f777f",
                "sha256:bc5c2b0da46c26c5f73f700834f871d0723e1e882641932468d56833bab09775",
                "sha256:cea7c4a3dfc2ca61f88a2b1ddd6b0bfbd116c9b1a361b3b66fd826034b833142",
                "sha256:d14282bf5b4de87f922db3c70858953fd081ef4f05dba6cca3dd705daffe1cc9",
                "sha256:d6b17cb86908e7f88be14007d6afe7d2ab11966e373044137f96a6a4d83eb21c",
                "sha256:da7381a883aee20b7d2ffda17d909b38134b6a625920e65239a1c681881df800",
                "sha256:db269f67ed17b07e80aaa8fba1f650c0d84aa0bdd9d5352e4ac38d5bf47ac568",
                "sha256:df25052b92bd514357a9b370d74f240db890ea79aaa428fb893520e10ee5bc18",
                "sha256:e17fdcb8971e77c439113642ca8861f9465e21fc693bd3916654ceef3ac26883",
                "sha256:f6fd3c88ea4b170d13527e93be1945e69facd917661d3725a63470eb683fbffe",
                "sha256:f7f994a53c0e6b44a2966fd6bfc53e37d34b7dca34e75b6be295de6db598255e"
            ],
            "index": "pypi",
            "version": "==2.0.15"
        },
        "typing-extensions": {
            "hashes": [
                "sha256:88a4153d8505aabbb4e13aacb7c486c2b4a33ca3b3f807914a9b4c844c471c26",
                "sha256:d91d5919357fe7f681a9f2b5b4cb2a5f1ef0a1e9f59c4d8ff0d3491e05c0ffd5"
            ],
            "markers": "python_version >= '3.7'",
            "version": "==4.6.3"
        },
        "werkzeug": {
            "hashes": [
                "sha256:1d5a58e0377d1fe39d061a5de4469e414e78ccb1e1e59c0f5ad6fa1c36c52b76",
                "sha256:48e5e61472fee0ddee27ebad085614ebedb7af41e88f687aaf881afb723a162f"
            ],
            "markers": "python_version >= '3.8'",
            "version": "==2.3.4"
        },
        "wtforms": {
            "hashes": [
                "sha256:6b351bbb12dd58af57ffef05bc78425d08d1914e0fd68ee14143b7ade023c5bc",
                "sha256:837f2f0e0ca79481b92884962b914eba4e72b7a2daaf1f939c890ed0124b834b"
            ],
            "index": "pypi",
            "version": "==3.0.1"
        },
        "zipp": {
            "hashes": [
                "sha256:112929ad649da941c23de50f356a2b5570c954b65150642bccdd66bf194d224b",
                "sha256:48904fc76a60e542af151aded95726c1a5c34ed43ab4134b597665c86d7ad556"
            ],
            "markers": "python_version >= '3.7'",
            "version": "==3.15.0"
        }
    },
    "develop": {
        "astroid": {
            "hashes": [
                "sha256:078e5212f9885fa85fbb0cf0101978a336190aadea6e13305409d099f71b2324",
                "sha256:1039262575027b441137ab4a62a793a9b43defb42c32d5670f38686207cd780f"
            ],
            "markers": "python_full_version >= '3.7.2'",
            "version": "==2.15.5"
        },
        "dill": {
            "hashes": [
                "sha256:a07ffd2351b8c678dfc4a856a3005f8067aea51d6ba6c700796a4d9e280f39f0",
                "sha256:e5db55f3687856d8fbdab002ed78544e1c4559a130302693d839dfe8f93f2373"
            ],
            "markers": "python_version < '3.11'",
            "version": "==0.3.6"
        },
        "isort": {
            "hashes": [
                "sha256:8bef7dde241278824a6d83f44a544709b065191b95b6e50894bdc722fcba0504",
                "sha256:f84c2818376e66cf843d497486ea8fed8700b340f308f076c6fb1229dff318b6"
            ],
            "markers": "python_full_version >= '3.8.0'",
            "version": "==5.12.0"
        },
        "lazy-object-proxy": {
            "hashes": [
                "sha256:09763491ce220c0299688940f8dc2c5d05fd1f45af1e42e636b2e8b2303e4382",
                "sha256:0a891e4e41b54fd5b8313b96399f8b0e173bbbfc03c7631f01efbe29bb0bcf82",
                "sha256:189bbd5d41ae7a498397287c408617fe5c48633e7755287b21d741f7db2706a9",
                "sha256:18b78ec83edbbeb69efdc0e9c1cb41a3b1b1ed11ddd8ded602464c3fc6020494",
                "sha256:1aa3de4088c89a1b69f8ec0dcc169aa725b0ff017899ac568fe44ddc1396df46",
                "sha256:212774e4dfa851e74d393a2370871e174d7ff0ebc980907723bb67d25c8a7c30",
                "sha256:2d0daa332786cf3bb49e10dc6a17a52f6a8f9601b4cf5c295a4f85854d61de63",
                "sha256:5f83ac4d83ef0ab017683d715ed356e30dd48a93746309c8f3517e1287523ef4",
                "sha256:659fb5809fa4629b8a1ac5106f669cfc7bef26fbb389dda53b3e010d1ac4ebae",
                "sha256:660c94ea760b3ce47d1855a30984c78327500493d396eac4dfd8bd82041b22be",
                "sha256:66a3de4a3ec06cd8af3f61b8e1ec67614fbb7c995d02fa224813cb7afefee701",
                "sha256:721532711daa7db0d8b779b0bb0318fa87af1c10d7fe5e52ef30f8eff254d0cd",
                "sha256:7322c3d6f1766d4ef1e51a465f47955f1e8123caee67dd641e67d539a534d006",
                "sha256:79a31b086e7e68b24b99b23d57723ef7e2c6d81ed21007b6281ebcd1688acb0a",
                "sha256:81fc4d08b062b535d95c9ea70dbe8a335c45c04029878e62d744bdced5141586",
                "sha256:8fa02eaab317b1e9e03f69aab1f91e120e7899b392c4fc19807a8278a07a97e8",
                "sha256:9090d8e53235aa280fc9239a86ae3ea8ac58eff66a705fa6aa2ec4968b95c821",
                "sha256:946d27deaff6cf8452ed0dba83ba38839a87f4f7a9732e8f9fd4107b21e6ff07",
                "sha256:9990d8e71b9f6488e91ad25f322898c136b008d87bf852ff65391b004da5e17b",
                "sha256:9cd077f3d04a58e83d04b20e334f678c2b0ff9879b9375ed107d5d07ff160171",
                "sha256:9e7551208b2aded9c1447453ee366f1c4070602b3d932ace044715d89666899b",
                "sha256:9f5fa4a61ce2438267163891961cfd5e32ec97a2c444e5b842d574251ade27d2",
                "sha256:b40387277b0ed2d0602b8293b94d7257e17d1479e257b4de114ea11a8cb7f2d7",
                "sha256:bfb38f9ffb53b942f2b5954e0f610f1e721ccebe9cce9025a38c8ccf4a5183a4",
                "sha256:cbf9b082426036e19c6924a9ce90c740a9861e2bdc27a4834fd0a910742ac1e8",
                "sha256:d9e25ef10a39e8afe59a5c348a4dbf29b4868ab76269f81ce1674494e2565a6e",
                "sha256:db1c1722726f47e10e0b5fdbf15ac3b8adb58c091d12b3ab713965795036985f",
                "sha256:e7c21c95cae3c05c14aafffe2865bbd5e377cfc1348c4f7751d9dc9a48ca4bda",
                "sha256:e8c6cfb338b133fbdbc5cfaa10fe3c6aeea827db80c978dbd13bc9dd8526b7d4",
                "sha256:ea806fd4c37bf7e7ad82537b0757999264d5f70c45468447bb2b91afdbe73a6e",
                "sha256:edd20c5a55acb67c7ed471fa2b5fb66cb17f61430b7a6b9c3b4a1e40293b1671",
                "sha256:f0117049dd1d5635bbff65444496c90e0baa48ea405125c088e93d9cf4525b11",
                "sha256:f0705c376533ed2a9e5e97aacdbfe04cecd71e0aa84c7c0595d02ef93b6e4455",
                "sha256:f12ad7126ae0c98d601a7ee504c1122bcef553d1d5e0c3bfa77b16b3968d2734",
                "sha256:f2457189d8257dd41ae9b434ba33298aec198e30adf2dcdaaa3a28b9994f6adb",
                "sha256:f699ac1c768270c9e384e4cbd268d6e67aebcfae6cd623b4d7c3bfde5a35db59"
            ],
            "markers": "python_version >= '3.7'",
            "version": "==1.9.0"
        },
        "mccabe": {
            "hashes": [
                "sha256:348e0240c33b60bbdf4e523192ef919f28cb2c3d7d5c7794f74009290f236325",
                "sha256:6c2d30ab6be0e4a46919781807b4f0d834ebdd6c6e3dca0bda5a15f863427b6e"
            ],
            "markers": "python_version >= '3.6'",
            "version": "==0.7.0"
        },
        "packaging": {
            "hashes": [
                "sha256:994793af429502c4ea2ebf6bf664629d07c1a9fe974af92966e4b8d2df7edc61",
                "sha256:a392980d2b6cffa644431898be54b0045151319d1e7ec34f0cfed48767dd334f"
            ],
            "markers": "python_version >= '3.7'",
            "version": "==23.1"
        },
        "platformdirs": {
            "hashes": [
                "sha256:412dae91f52a6f84830f39a8078cecd0e866cb72294a5c66808e74d5e88d251f",
                "sha256:e2378146f1964972c03c085bb5662ae80b2b8c06226c54b2ff4aa9483e8a13a5"
            ],
            "markers": "python_version >= '3.7'",
            "version": "==3.5.1"
        },
        "pycodestyle": {
            "hashes": [
                "sha256:347187bdb476329d98f695c213d7295a846d1152ff4fe9bacb8a9590b8ee7053",
                "sha256:8a4eaf0d0495c7395bdab3589ac2db602797d76207242c17d470186815706610"
            ],
            "index": "pypi",
            "version": "==2.10.0"
        },
        "pylint": {
            "hashes": [
                "sha256:5dcf1d9e19f41f38e4e85d10f511e5b9c35e1aa74251bf95cdd8cb23584e2db1",
                "sha256:7a1145fb08c251bdb5cca11739722ce64a63db479283d10ce718b2460e54123c"
            ],
            "index": "pypi",
            "version": "==2.17.4"
        },
        "pytoolconfig": {
            "extras": [
                "global"
            ],
            "hashes": [
                "sha256:239ba9d3e537b91d0243275a497700ea39a5e259ddb80421c366e3b288bf30fe",
                "sha256:a50f9dfe23b03a9d40414c1fdf902fefbeae12f2ac75a3c8f915944d6ffac279"
            ],
            "markers": "python_version >= '3.7'",
            "version": "==1.2.5"
        },
        "rope": {
            "hashes": [
                "sha256:0767424ed40ce237dcf1c1f5088054fef960e5b19f4a0850783a259a3600d7bd",
                "sha256:3de1d1f1cf2412540c6a150067fe25298175e7c2b72455b6ca8395f61678da82"
            ],
            "index": "pypi",
            "version": "==1.8.0"
        },
        "tomli": {
            "hashes": [
                "sha256:939de3e7a6161af0c887ef91b7d41a53e7c5a1ca976325f429cb46ea9bc30ecc",
                "sha256:de526c12914f0c550d15924c62d72abc48d6fe7364aa87328337a31007fe8a4f"
            ],
            "markers": "python_version < '3.11'",
            "version": "==2.0.1"
        },
        "tomlkit": {
            "hashes": [
                "sha256:8c726c4c202bdb148667835f68d68780b9a003a9ec34167b6c673b38eff2a171",
                "sha256:9330fc7faa1db67b541b28e62018c17d20be733177d290a13b24c62d1614e0c3"
            ],
            "markers": "python_version >= '3.7'",
            "version": "==0.11.8"
        },
        "typing-extensions": {
            "hashes": [
                "sha256:88a4153d8505aabbb4e13aacb7c486c2b4a33ca3b3f807914a9b4c844c471c26",
                "sha256:d91d5919357fe7f681a9f2b5b4cb2a5f1ef0a1e9f59c4d8ff0d3491e05c0ffd5"
            ],
            "markers": "python_version >= '3.7'",
            "version": "==4.6.3"
        },
        "wrapt": {
            "hashes": [
                "sha256:02fce1852f755f44f95af51f69d22e45080102e9d00258053b79367d07af39c0",
                "sha256:077ff0d1f9d9e4ce6476c1a924a3332452c1406e59d90a2cf24aeb29eeac9420",
                "sha256:078e2a1a86544e644a68422f881c48b84fef6d18f8c7a957ffd3f2e0a74a0d4a",
                "sha256:0970ddb69bba00670e58955f8019bec4a42d1785db3faa043c33d81de2bf843c",
                "sha256:1286eb30261894e4c70d124d44b7fd07825340869945c79d05bda53a40caa079",
                "sha256:21f6d9a0d5b3a207cdf7acf8e58d7d13d463e639f0c7e01d82cdb671e6cb7923",
                "sha256:230ae493696a371f1dbffaad3dafbb742a4d27a0afd2b1aecebe52b740167e7f",
                "sha256:26458da5653aa5b3d8dc8b24192f574a58984c749401f98fff994d41d3f08da1",
                "sha256:2cf56d0e237280baed46f0b5316661da892565ff58309d4d2ed7dba763d984b8",
                "sha256:2e51de54d4fb8fb50d6ee8327f9828306a959ae394d3e01a1ba8b2f937747d86",
                "sha256:2fbfbca668dd15b744418265a9607baa970c347eefd0db6a518aaf0cfbd153c0",
                "sha256:38adf7198f8f154502883242f9fe7333ab05a5b02de7d83aa2d88ea621f13364",
                "sha256:3a8564f283394634a7a7054b7983e47dbf39c07712d7b177b37e03f2467a024e",
                "sha256:3abbe948c3cbde2689370a262a8d04e32ec2dd4f27103669a45c6929bcdbfe7c",
                "sha256:3bbe623731d03b186b3d6b0d6f51865bf598587c38d6f7b0be2e27414f7f214e",
                "sha256:40737a081d7497efea35ab9304b829b857f21558acfc7b3272f908d33b0d9d4c",
                "sha256:41d07d029dd4157ae27beab04d22b8e261eddfc6ecd64ff7000b10dc8b3a5727",
                "sha256:46ed616d5fb42f98630ed70c3529541408166c22cdfd4540b88d5f21006b0eff",
                "sha256:493d389a2b63c88ad56cdc35d0fa5752daac56ca755805b1b0c530f785767d5e",
                "sha256:4ff0d20f2e670800d3ed2b220d40984162089a6e2c9646fdb09b85e6f9a8fc29",
                "sha256:54accd4b8bc202966bafafd16e69da9d5640ff92389d33d28555c5fd4f25ccb7",
                "sha256:56374914b132c702aa9aa9959c550004b8847148f95e1b824772d453ac204a72",
                "sha256:578383d740457fa790fdf85e6d346fda1416a40549fe8db08e5e9bd281c6a475",
                "sha256:58d7a75d731e8c63614222bcb21dd992b4ab01a399f1f09dd82af17bbfc2368a",
                "sha256:5c5aa28df055697d7c37d2099a7bc09f559d5053c3349b1ad0c39000e611d317",
                "sha256:5fc8e02f5984a55d2c653f5fea93531e9836abbd84342c1d1e17abc4a15084c2",
                "sha256:63424c681923b9f3bfbc5e3205aafe790904053d42ddcc08542181a30a7a51bd",
                "sha256:64b1df0f83706b4ef4cfb4fb0e4c2669100fd7ecacfb59e091fad300d4e04640",
                "sha256:74934ebd71950e3db69960a7da29204f89624dde411afbfb3b4858c1409b1e98",
                "sha256:75669d77bb2c071333417617a235324a1618dba66f82a750362eccbe5b61d248",
                "sha256:75760a47c06b5974aa5e01949bf7e66d2af4d08cb8c1d6516af5e39595397f5e",
                "sha256:76407ab327158c510f44ded207e2f76b657303e17cb7a572ffe2f5a8a48aa04d",
                "sha256:76e9c727a874b4856d11a32fb0b389afc61ce8aaf281ada613713ddeadd1cfec",
                "sha256:77d4c1b881076c3ba173484dfa53d3582c1c8ff1f914c6461ab70c8428b796c1",
                "sha256:780c82a41dc493b62fc5884fb1d3a3b81106642c5c5c78d6a0d4cbe96d62ba7e",
                "sha256:7dc0713bf81287a00516ef43137273b23ee414fe41a3c14be10dd95ed98a2df9",
                "sha256:7eebcdbe3677e58dd4c0e03b4f2cfa346ed4049687d839adad68cc38bb559c92",
                "sha256:896689fddba4f23ef7c718279e42f8834041a21342d95e56922e1c10c0cc7afb",
                "sha256:96177eb5645b1c6985f5c11d03fc2dbda9ad24ec0f3a46dcce91445747e15094",
                "sha256:96e25c8603a155559231c19c0349245eeb4ac0096fe3c1d0be5c47e075bd4f46",
                "sha256:9d37ac69edc5614b90516807de32d08cb8e7b12260a285ee330955604ed9dd29",
                "sha256:9ed6aa0726b9b60911f4aed8ec5b8dd7bf3491476015819f56473ffaef8959bd",
                "sha256:a487f72a25904e2b4bbc0817ce7a8de94363bd7e79890510174da9d901c38705",
                "sha256:a4cbb9ff5795cd66f0066bdf5947f170f5d63a9274f99bdbca02fd973adcf2a8",
                "sha256:a74d56552ddbde46c246b5b89199cb3fd182f9c346c784e1a93e4dc3f5ec9975",
                "sha256:a89ce3fd220ff144bd9d54da333ec0de0399b52c9ac3d2ce34b569cf1a5748fb",
                "sha256:abd52a09d03adf9c763d706df707c343293d5d106aea53483e0ec8d9e310ad5e",
                "sha256:abd8f36c99512755b8456047b7be10372fca271bf1467a1caa88db991e7c421b",
                "sha256:af5bd9ccb188f6a5fdda9f1f09d9f4c86cc8a539bd48a0bfdc97723970348418",
                "sha256:b02f21c1e2074943312d03d243ac4388319f2456576b2c6023041c4d57cd7019",
                "sha256:b06fa97478a5f478fb05e1980980a7cdf2712015493b44d0c87606c1513ed5b1",
                "sha256:b0724f05c396b0a4c36a3226c31648385deb6a65d8992644c12a4963c70326ba",
                "sha256:b130fe77361d6771ecf5a219d8e0817d61b236b7d8b37cc045172e574ed219e6",
                "sha256:b56d5519e470d3f2fe4aa7585f0632b060d532d0696c5bdfb5e8319e1d0f69a2",
                "sha256:b67b819628e3b748fd3c2192c15fb951f549d0f47c0449af0764d7647302fda3",
                "sha256:ba1711cda2d30634a7e452fc79eabcadaffedf241ff206db2ee93dd2c89a60e7",
                "sha256:bbeccb1aa40ab88cd29e6c7d8585582c99548f55f9b2581dfc5ba68c59a85752",
                "sha256:bd84395aab8e4d36263cd1b9308cd504f6cf713b7d6d3ce25ea55670baec5416",
                "sha256:c99f4309f5145b93eca6e35ac1a988f0dc0a7ccf9ccdcd78d3c0adf57224e62f",
                "sha256:ca1cccf838cd28d5a0883b342474c630ac48cac5df0ee6eacc9c7290f76b11c1",
                "sha256:cd525e0e52a5ff16653a3fc9e3dd827981917d34996600bbc34c05d048ca35cc",
                "sha256:cdb4f085756c96a3af04e6eca7f08b1345e94b53af8921b25c72f096e704e145",
                "sha256:ce42618f67741d4697684e501ef02f29e758a123aa2d669e2d964ff734ee00ee",
                "sha256:d06730c6aed78cee4126234cf2d071e01b44b915e725a6cb439a879ec9754a3a",
                "sha256:d5fe3e099cf07d0fb5a1e23d399e5d4d1ca3e6dfcbe5c8570ccff3e9208274f7",
                "sha256:d6bcbfc99f55655c3d93feb7ef3800bd5bbe963a755687cbf1f490a71fb7794b",
                "sha256:d787272ed958a05b2c86311d3a4135d3c2aeea4fc655705f074130aa57d71653",
                "sha256:e169e957c33576f47e21864cf3fc9ff47c223a4ebca8960079b8bd36cb014fd0",
                "sha256:e20076a211cd6f9b44a6be58f7eeafa7ab5720eb796975d0c03f05b47d89eb90",
                "sha256:e826aadda3cae59295b95343db8f3d965fb31059da7de01ee8d1c40a60398b29",
                "sha256:eef4d64c650f33347c1f9266fa5ae001440b232ad9b98f1f43dfe7a79435c0a6",
                "sha256:f2e69b3ed24544b0d3dbe2c5c0ba5153ce50dcebb576fdc4696d52aa22db6034",
                "sha256:f87ec75864c37c4c6cb908d282e1969e79763e0d9becdfe9fe5473b7bb1e5f09",
                "sha256:fbec11614dba0424ca72f4e8ba3c420dba07b4a7c206c8c8e4e73f2e98f4c559",
                "sha256:fd69666217b62fa5d7c6aa88e507493a34dec4fa20c5bd925e4bc12fce586639"
            ],
            "markers": "python_version < '3.11'",
            "version": "==1.15.0"
        }
    }
}
